// !$*UTF8*$!
{
	archiveVersion = 1;
	classes = {
	};
	objectVersion = 50;
	objects = {

/* Begin PBXBuildFile section */
		A92B670D2557D4160053E7FF /* Symbol.swift in Sources */ = {isa = PBXBuildFile; fileRef = A92B670C2557D4160053E7FF /* Symbol.swift */; };
		A92B67102557D9730053E7FF /* ResizedImage.swift in Sources */ = {isa = PBXBuildFile; fileRef = A92B670F2557D9730053E7FF /* ResizedImage.swift */; };
		A92B67152557DD010053E7FF /* ShrinkButtonStyle.swift in Sources */ = {isa = PBXBuildFile; fileRef = A92B67142557DD010053E7FF /* ShrinkButtonStyle.swift */; };
		A92B67192557DE560053E7FF /* Popup.swift in Sources */ = {isa = PBXBuildFile; fileRef = A92B67182557DE560053E7FF /* Popup.swift */; };
		A92B671F2557F2FB0053E7FF /* OrderCompletedMessage.swift in Sources */ = {isa = PBXBuildFile; fileRef = A92B671E2557F2FB0053E7FF /* OrderCompletedMessage.swift */; };
		A92B6723255800500053E7FF /* FavoriteProductScrollView.swift in Sources */ = {isa = PBXBuildFile; fileRef = A92B6722255800500053E7FF /* FavoriteProductScrollView.swift */; };
		A92B6727255808730053E7FF /* MainTabView.swift in Sources */ = {isa = PBXBuildFile; fileRef = A92B6726255808730053E7FF /* MainTabView.swift */; };
		A9586A4D254EAA9100EC9B35 /* ProductData.json in Resources */ = {isa = PBXBuildFile; fileRef = A9586A4C254EAA9100EC9B35 /* ProductData.json */; };
		A9586A51254EAB9300EC9B35 /* ProductDetailView.swift in Sources */ = {isa = PBXBuildFile; fileRef = A9586A50254EAB9300EC9B35 /* ProductDetailView.swift */; };
		A9586A55254EB4F800EC9B35 /* Preview.swift in Sources */ = {isa = PBXBuildFile; fileRef = A9586A54254EB4F800EC9B35 /* Preview.swift */; };
		A9586A59254EBB1500EC9B35 /* QuantitySelector.swift in Sources */ = {isa = PBXBuildFile; fileRef = A9586A58254EBB1500EC9B35 /* QuantitySelector.swift */; };
		A9586A5D254EC1FB00EC9B35 /* FavoriteButton.swift in Sources */ = {isa = PBXBuildFile; fileRef = A9586A5C254EC1FB00EC9B35 /* FavoriteButton.swift */; };
		A9586A60254EC61D00EC9B35 /* Order.swift in Sources */ = {isa = PBXBuildFile; fileRef = A9586A5F254EC61D00EC9B35 /* Order.swift */; };
		A990D890254E9E8A00450D55 /* FruitMartApp.swift in Sources */ = {isa = PBXBuildFile; fileRef = A990D88F254E9E8A00450D55 /* FruitMartApp.swift */; };
		A990D892254E9E8A00450D55 /* Home.swift in Sources */ = {isa = PBXBuildFile; fileRef = A990D891254E9E8A00450D55 /* Home.swift */; };
		A990D894254E9E8B00450D55 /* Assets.xcassets in Resources */ = {isa = PBXBuildFile; fileRef = A990D893254E9E8B00450D55 /* Assets.xcassets */; };
		A990D897254E9E8B00450D55 /* Preview Assets.xcassets in Resources */ = {isa = PBXBuildFile; fileRef = A990D896254E9E8B00450D55 /* Preview Assets.xcassets */; };
		A990D8AE254EA10100450D55 /* ColorExtension.swift in Sources */ = {isa = PBXBuildFile; fileRef = A990D8AD254EA10100450D55 /* ColorExtension.swift */; };
		A990D8B2254EA10B00450D55 /* BundleExtension.swift in Sources */ = {isa = PBXBuildFile; fileRef = A990D8B1254EA10B00450D55 /* BundleExtension.swift */; };
		A990D8B5254EA12A00450D55 /* Product.swift in Sources */ = {isa = PBXBuildFile; fileRef = A990D8B4254EA12A00450D55 /* Product.swift */; };
		A990D8B9254EA13600450D55 /* Store.swift in Sources */ = {isa = PBXBuildFile; fileRef = A990D8B8254EA13600450D55 /* Store.swift */; };
		A990D8BD254EA18200450D55 /* ProductRow.swift in Sources */ = {isa = PBXBuildFile; fileRef = A990D8BC254EA18200450D55 /* ProductRow.swift */; };
		A9B2D5C42563DF5F00C6A3F1 /* Recipe.swift in Sources */ = {isa = PBXBuildFile; fileRef = A9B2D5C32563DF5F00C6A3F1 /* Recipe.swift */; };
		A9B2D5C82563DFDC00C6A3F1 /* RecipeView.swift in Sources */ = {isa = PBXBuildFile; fileRef = A9B2D5C72563DFDC00C6A3F1 /* RecipeView.swift */; };
/* End PBXBuildFile section */

/* Begin PBXFileReference section */
		A92B670C2557D4160053E7FF /* Symbol.swift */ = {isa = PBXFileReference; lastKnownFileType = sourcecode.swift; path = Symbol.swift; sourceTree = "<group>"; };
		A92B670F2557D9730053E7FF /* ResizedImage.swift */ = {isa = PBXFileReference; lastKnownFileType = sourcecode.swift; path = ResizedImage.swift; sourceTree = "<group>"; };
		A92B67142557DD010053E7FF /* ShrinkButtonStyle.swift */ = {isa = PBXFileReference; lastKnownFileType = sourcecode.swift; path = ShrinkButtonStyle.swift; sourceTree = "<group>"; };
		A92B67182557DE560053E7FF /* Popup.swift */ = {isa = PBXFileReference; lastKnownFileType = sourcecode.swift; path = Popup.swift; sourceTree = "<group>"; };
		A92B671E2557F2FB0053E7FF /* OrderCompletedMessage.swift */ = {isa = PBXFileReference; lastKnownFileType = sourcecode.swift; path = OrderCompletedMessage.swift; sourceTree = "<group>"; };
		A92B6722255800500053E7FF /* FavoriteProductScrollView.swift */ = {isa = PBXFileReference; lastKnownFileType = sourcecode.swift; path = FavoriteProductScrollView.swift; sourceTree = "<group>"; };
		A92B6726255808730053E7FF /* MainTabView.swift */ = {isa = PBXFileReference; lastKnownFileType = sourcecode.swift; path = MainTabView.swift; sourceTree = "<group>"; };
		A9586A4C254EAA9100EC9B35 /* ProductData.json */ = {isa = PBXFileReference; fileEncoding = 4; lastKnownFileType = text.json; name = ProductData.json; path = ../../../../iosGitFile/SweetSwiftUI/FruitMart/Resources/ProductData.json; sourceTree = "<group>"; };
		A9586A50254EAB9300EC9B35 /* ProductDetailView.swift */ = {isa = PBXFileReference; lastKnownFileType = sourcecode.swift; path = ProductDetailView.swift; sourceTree = "<group>"; };
		A9586A54254EB4F800EC9B35 /* Preview.swift */ = {isa = PBXFileReference; lastKnownFileType = sourcecode.swift; path = Preview.swift; sourceTree = "<group>"; };
		A9586A58254EBB1500EC9B35 /* QuantitySelector.swift */ = {isa = PBXFileReference; lastKnownFileType = sourcecode.swift; path = QuantitySelector.swift; sourceTree = "<group>"; };
		A9586A5C254EC1FB00EC9B35 /* FavoriteButton.swift */ = {isa = PBXFileReference; lastKnownFileType = sourcecode.swift; path = FavoriteButton.swift; sourceTree = "<group>"; };
		A9586A5F254EC61D00EC9B35 /* Order.swift */ = {isa = PBXFileReference; lastKnownFileType = sourcecode.swift; path = Order.swift; sourceTree = "<group>"; };
		A990D88C254E9E8A00450D55 /* FruitMart.app */ = {isa = PBXFileReference; explicitFileType = wrapper.application; includeInIndex = 0; path = FruitMart.app; sourceTree = BUILT_PRODUCTS_DIR; };
		A990D88F254E9E8A00450D55 /* FruitMartApp.swift */ = {isa = PBXFileReference; lastKnownFileType = sourcecode.swift; path = FruitMartApp.swift; sourceTree = "<group>"; };
		A990D891254E9E8A00450D55 /* Home.swift */ = {isa = PBXFileReference; lastKnownFileType = sourcecode.swift; path = Home.swift; sourceTree = "<group>"; };
		A990D893254E9E8B00450D55 /* Assets.xcassets */ = {isa = PBXFileReference; lastKnownFileType = folder.assetcatalog; path = Assets.xcassets; sourceTree = "<group>"; };
		A990D896254E9E8B00450D55 /* Preview Assets.xcassets */ = {isa = PBXFileReference; lastKnownFileType = folder.assetcatalog; path = "Preview Assets.xcassets"; sourceTree = "<group>"; };
		A990D898254E9E8B00450D55 /* Info.plist */ = {isa = PBXFileReference; lastKnownFileType = text.plist.xml; path = Info.plist; sourceTree = "<group>"; };
		A990D8AD254EA10100450D55 /* ColorExtension.swift */ = {isa = PBXFileReference; lastKnownFileType = sourcecode.swift; path = ColorExtension.swift; sourceTree = "<group>"; };
		A990D8B1254EA10B00450D55 /* BundleExtension.swift */ = {isa = PBXFileReference; lastKnownFileType = sourcecode.swift; path = BundleExtension.swift; sourceTree = "<group>"; };
		A990D8B4254EA12A00450D55 /* Product.swift */ = {isa = PBXFileReference; lastKnownFileType = sourcecode.swift; path = Product.swift; sourceTree = "<group>"; };
		A990D8B8254EA13600450D55 /* Store.swift */ = {isa = PBXFileReference; lastKnownFileType = sourcecode.swift; path = Store.swift; sourceTree = "<group>"; };
		A990D8BC254EA18200450D55 /* ProductRow.swift */ = {isa = PBXFileReference; lastKnownFileType = sourcecode.swift; path = ProductRow.swift; sourceTree = "<group>"; };
		A9B2D5C32563DF5F00C6A3F1 /* Recipe.swift */ = {isa = PBXFileReference; lastKnownFileType = sourcecode.swift; path = Recipe.swift; sourceTree = "<group>"; };
		A9B2D5C72563DFDC00C6A3F1 /* RecipeView.swift */ = {isa = PBXFileReference; lastKnownFileType = sourcecode.swift; path = RecipeView.swift; sourceTree = "<group>"; };
/* End PBXFileReference section */

/* Begin PBXFrameworksBuildPhase section */
		A990D889254E9E8A00450D55 /* Frameworks */ = {
			isa = PBXFrameworksBuildPhase;
			buildActionMask = 2147483647;
			files = (
			);
			runOnlyForDeploymentPostprocessing = 0;
		};
/* End PBXFrameworksBuildPhase section */

/* Begin PBXGroup section */
		A92B67122557DC8D0053E7FF /* CustomStyle */ = {
			isa = PBXGroup;
			children = (
				A92B67142557DD010053E7FF /* ShrinkButtonStyle.swift */,
			);
			path = CustomStyle;
			sourceTree = "<group>";
		};
		A92B67172557DE360053E7FF /* ViewModifier */ = {
			isa = PBXGroup;
			children = (
				A92B67182557DE560053E7FF /* Popup.swift */,
			);
			path = ViewModifier;
			sourceTree = "<group>";
		};
		A9586A53254EB4EE00EC9B35 /* CustomView */ = {
			isa = PBXGroup;
			children = (
				A9586A54254EB4F800EC9B35 /* Preview.swift */,
				A92B670C2557D4160053E7FF /* Symbol.swift */,
				A92B670F2557D9730053E7FF /* ResizedImage.swift */,
			);
			path = CustomView;
			sourceTree = "<group>";
		};
		A990D883254E9E8A00450D55 = {
			isa = PBXGroup;
			children = (
				A990D88E254E9E8A00450D55 /* FruitMart */,
				A990D88D254E9E8A00450D55 /* Products */,
			);
			sourceTree = "<group>";
		};
		A990D88D254E9E8A00450D55 /* Products */ = {
			isa = PBXGroup;
			children = (
				A990D88C254E9E8A00450D55 /* FruitMart.app */,
			);
			name = Products;
			sourceTree = "<group>";
		};
		A990D88E254E9E8A00450D55 /* FruitMart */ = {
			isa = PBXGroup;
			children = (
				A990D8A5254EA07700450D55 /* Source */,
				A990D8A4254EA07100450D55 /* Resources */,
				A990D8A3254EA06800450D55 /* Supporting Files */,
				A990D895254E9E8B00450D55 /* Preview Content */,
			);
			path = FruitMart;
			sourceTree = "<group>";
		};
		A990D895254E9E8B00450D55 /* Preview Content */ = {
			isa = PBXGroup;
			children = (
				A990D896254E9E8B00450D55 /* Preview Assets.xcassets */,
			);
			path = "Preview Content";
			sourceTree = "<group>";
		};
		A990D8A3254EA06800450D55 /* Supporting Files */ = {
			isa = PBXGroup;
			children = (
				A990D898254E9E8B00450D55 /* Info.plist */,
			);
			path = "Supporting Files";
			sourceTree = "<group>";
		};
		A990D8A4254EA07100450D55 /* Resources */ = {
			isa = PBXGroup;
			children = (
				A9586A4C254EAA9100EC9B35 /* ProductData.json */,
				A990D893254E9E8B00450D55 /* Assets.xcassets */,
			);
			path = Resources;
			sourceTree = "<group>";
		};
		A990D8A5254EA07700450D55 /* Source */ = {
			isa = PBXGroup;
			children = (
				A990D8AA254EA0E000450D55 /* Application */,
				A990D8AB254EA0E700450D55 /* User Interface */,
				A990D8A9254EA0DD00450D55 /* Model */,
				A990D8A8254EA0D800450D55 /* Helper */,
			);
			path = Source;
			sourceTree = "<group>";
		};
		A990D8A8254EA0D800450D55 /* Helper */ = {
			isa = PBXGroup;
			children = (
				A92B67172557DE360053E7FF /* ViewModifier */,
				A92B67122557DC8D0053E7FF /* CustomStyle */,
				A9586A53254EB4EE00EC9B35 /* CustomView */,
				A990D8AC254EA0F200450D55 /* Extension */,
			);
			path = Helper;
			sourceTree = "<group>";
		};
		A990D8A9254EA0DD00450D55 /* Model */ = {
			isa = PBXGroup;
			children = (
				A990D8B4254EA12A00450D55 /* Product.swift */,
				A990D8B8254EA13600450D55 /* Store.swift */,
				A9586A5F254EC61D00EC9B35 /* Order.swift */,
				A9B2D5C32563DF5F00C6A3F1 /* Recipe.swift */,
			);
			path = Model;
			sourceTree = "<group>";
		};
		A990D8AA254EA0E000450D55 /* Application */ = {
			isa = PBXGroup;
			children = (
				A990D88F254E9E8A00450D55 /* FruitMartApp.swift */,
			);
			path = Application;
			sourceTree = "<group>";
		};
		A990D8AB254EA0E700450D55 /* User Interface */ = {
			isa = PBXGroup;
			children = (
				A9B2D5C62563DFC800C6A3F1 /* Recipe */,
				A990D8BB254EA16C00450D55 /* Home */,
				A92B6726255808730053E7FF /* MainTabView.swift */,
			);
			path = "User Interface";
			sourceTree = "<group>";
		};
		A990D8AC254EA0F200450D55 /* Extension */ = {
			isa = PBXGroup;
			children = (
				A990D8AD254EA10100450D55 /* ColorExtension.swift */,
				A990D8B1254EA10B00450D55 /* BundleExtension.swift */,
			);
			path = Extension;
			sourceTree = "<group>";
		};
		A990D8BB254EA16C00450D55 /* Home */ = {
			isa = PBXGroup;
			children = (
				A990D891254E9E8A00450D55 /* Home.swift */,
				A990D8BC254EA18200450D55 /* ProductRow.swift */,
				A9586A50254EAB9300EC9B35 /* ProductDetailView.swift */,
				A9586A58254EBB1500EC9B35 /* QuantitySelector.swift */,
				A9586A5C254EC1FB00EC9B35 /* FavoriteButton.swift */,
				A92B671E2557F2FB0053E7FF /* OrderCompletedMessage.swift */,
				A92B6722255800500053E7FF /* FavoriteProductScrollView.swift */,
			);
			path = Home;
			sourceTree = "<group>";
		};
		A9B2D5C62563DFC800C6A3F1 /* Recipe */ = {
			isa = PBXGroup;
			children = (
				A9B2D5C72563DFDC00C6A3F1 /* RecipeView.swift */,
			);
			path = Recipe;
			sourceTree = "<group>";
		};
/* End PBXGroup section */

/* Begin PBXNativeTarget section */
		A990D88B254E9E8A00450D55 /* FruitMart */ = {
			isa = PBXNativeTarget;
			buildConfigurationList = A990D89B254E9E8B00450D55 /* Build configuration list for PBXNativeTarget "FruitMart" */;
			buildPhases = (
				A990D888254E9E8A00450D55 /* Sources */,
				A990D889254E9E8A00450D55 /* Frameworks */,
				A990D88A254E9E8A00450D55 /* Resources */,
			);
			buildRules = (
			);
			dependencies = (
			);
			name = FruitMart;
			productName = FruitMart;
			productReference = A990D88C254E9E8A00450D55 /* FruitMart.app */;
			productType = "com.apple.product-type.application";
		};
/* End PBXNativeTarget section */

/* Begin PBXProject section */
		A990D884254E9E8A00450D55 /* Project object */ = {
			isa = PBXProject;
			attributes = {
				LastSwiftUpdateCheck = 1210;
				LastUpgradeCheck = 1210;
				TargetAttributes = {
					A990D88B254E9E8A00450D55 = {
						CreatedOnToolsVersion = 12.1;
					};
				};
			};
			buildConfigurationList = A990D887254E9E8A00450D55 /* Build configuration list for PBXProject "FruitMart" */;
			compatibilityVersion = "Xcode 9.3";
			developmentRegion = en;
			hasScannedForEncodings = 0;
			knownRegions = (
				en,
				Base,
			);
			mainGroup = A990D883254E9E8A00450D55;
			productRefGroup = A990D88D254E9E8A00450D55 /* Products */;
			projectDirPath = "";
			projectRoot = "";
			targets = (
				A990D88B254E9E8A00450D55 /* FruitMart */,
			);
		};
/* End PBXProject section */

/* Begin PBXResourcesBuildPhase section */
		A990D88A254E9E8A00450D55 /* Resources */ = {
			isa = PBXResourcesBuildPhase;
			buildActionMask = 2147483647;
			files = (
				A990D897254E9E8B00450D55 /* Preview Assets.xcassets in Resources */,
				A990D894254E9E8B00450D55 /* Assets.xcassets in Resources */,
				A9586A4D254EAA9100EC9B35 /* ProductData.json in Resources */,
			);
			runOnlyForDeploymentPostprocessing = 0;
		};
/* End PBXResourcesBuildPhase section */

/* Begin PBXSourcesBuildPhase section */
		A990D888254E9E8A00450D55 /* Sources */ = {
			isa = PBXSourcesBuildPhase;
			buildActionMask = 2147483647;
			files = (
				A990D8AE254EA10100450D55 /* ColorExtension.swift in Sources */,
				A9586A51254EAB9300EC9B35 /* ProductDetailView.swift in Sources */,
				A990D892254E9E8A00450D55 /* Home.swift in Sources */,
				A9B2D5C82563DFDC00C6A3F1 /* RecipeView.swift in Sources */,
				A990D8B5254EA12A00450D55 /* Product.swift in Sources */,
				A990D8B9254EA13600450D55 /* Store.swift in Sources */,
				A92B6727255808730053E7FF /* MainTabView.swift in Sources */,
				A92B671F2557F2FB0053E7FF /* OrderCompletedMessage.swift in Sources */,
				A92B670D2557D4160053E7FF /* Symbol.swift in Sources */,
				A92B6723255800500053E7FF /* FavoriteProductScrollView.swift in Sources */,
				A990D8BD254EA18200450D55 /* ProductRow.swift in Sources */,
				A9586A60254EC61D00EC9B35 /* Order.swift in Sources */,
				A92B67102557D9730053E7FF /* ResizedImage.swift in Sources */,
				A990D890254E9E8A00450D55 /* FruitMartApp.swift in Sources */,
				A92B67192557DE560053E7FF /* Popup.swift in Sources */,
				A9586A59254EBB1500EC9B35 /* QuantitySelector.swift in Sources */,
				A9586A55254EB4F800EC9B35 /* Preview.swift in Sources */,
				A9586A5D254EC1FB00EC9B35 /* FavoriteButton.swift in Sources */,
				A92B67152557DD010053E7FF /* ShrinkButtonStyle.swift in Sources */,
				A990D8B2254EA10B00450D55 /* BundleExtension.swift in Sources */,
				A9B2D5C42563DF5F00C6A3F1 /* Recipe.swift in Sources */,
			);
			runOnlyForDeploymentPostprocessing = 0;
		};
/* End PBXSourcesBuildPhase section */

/* Begin XCBuildConfiguration section */
		A990D899254E9E8B00450D55 /* Debug */ = {
			isa = XCBuildConfiguration;
			buildSettings = {
				ALWAYS_SEARCH_USER_PATHS = NO;
				CLANG_ANALYZER_NONNULL = YES;
				CLANG_ANALYZER_NUMBER_OBJECT_CONVERSION = YES_AGGRESSIVE;
				CLANG_CXX_LANGUAGE_STANDARD = "gnu++14";
				CLANG_CXX_LIBRARY = "libc++";
				CLANG_ENABLE_MODULES = YES;
				CLANG_ENABLE_OBJC_ARC = YES;
				CLANG_ENABLE_OBJC_WEAK = YES;
				CLANG_WARN_BLOCK_CAPTURE_AUTORELEASING = YES;
				CLANG_WARN_BOOL_CONVERSION = YES;
				CLANG_WARN_COMMA = YES;
				CLANG_WARN_CONSTANT_CONVERSION = YES;
				CLANG_WARN_DEPRECATED_OBJC_IMPLEMENTATIONS = YES;
				CLANG_WARN_DIRECT_OBJC_ISA_USAGE = YES_ERROR;
				CLANG_WARN_DOCUMENTATION_COMMENTS = YES;
				CLANG_WARN_EMPTY_BODY = YES;
				CLANG_WARN_ENUM_CONVERSION = YES;
				CLANG_WARN_INFINITE_RECURSION = YES;
				CLANG_WARN_INT_CONVERSION = YES;
				CLANG_WARN_NON_LITERAL_NULL_CONVERSION = YES;
				CLANG_WARN_OBJC_IMPLICIT_RETAIN_SELF = YES;
				CLANG_WARN_OBJC_LITERAL_CONVERSION = YES;
				CLANG_WARN_OBJC_ROOT_CLASS = YES_ERROR;
				CLANG_WARN_QUOTED_INCLUDE_IN_FRAMEWORK_HEADER = YES;
				CLANG_WARN_RANGE_LOOP_ANALYSIS = YES;
				CLANG_WARN_STRICT_PROTOTYPES = YES;
				CLANG_WARN_SUSPICIOUS_MOVE = YES;
				CLANG_WARN_UNGUARDED_AVAILABILITY = YES_AGGRESSIVE;
				CLANG_WARN_UNREACHABLE_CODE = YES;
				CLANG_WARN__DUPLICATE_METHOD_MATCH = YES;
				COPY_PHASE_STRIP = NO;
				DEBUG_INFORMATION_FORMAT = dwarf;
				ENABLE_STRICT_OBJC_MSGSEND = YES;
				ENABLE_TESTABILITY = YES;
				GCC_C_LANGUAGE_STANDARD = gnu11;
				GCC_DYNAMIC_NO_PIC = NO;
				GCC_NO_COMMON_BLOCKS = YES;
				GCC_OPTIMIZATION_LEVEL = 0;
				GCC_PREPROCESSOR_DEFINITIONS = (
					"DEBUG=1",
					"$(inherited)",
				);
				GCC_WARN_64_TO_32_BIT_CONVERSION = YES;
				GCC_WARN_ABOUT_RETURN_TYPE = YES_ERROR;
				GCC_WARN_UNDECLARED_SELECTOR = YES;
				GCC_WARN_UNINITIALIZED_AUTOS = YES_AGGRESSIVE;
				GCC_WARN_UNUSED_FUNCTION = YES;
				GCC_WARN_UNUSED_VARIABLE = YES;
				IPHONEOS_DEPLOYMENT_TARGET = 14.1;
				MTL_ENABLE_DEBUG_INFO = INCLUDE_SOURCE;
				MTL_FAST_MATH = YES;
				ONLY_ACTIVE_ARCH = YES;
				SDKROOT = iphoneos;
				SWIFT_ACTIVE_COMPILATION_CONDITIONS = DEBUG;
				SWIFT_OPTIMIZATION_LEVEL = "-Onone";
			};
			name = Debug;
		};
		A990D89A254E9E8B00450D55 /* Release */ = {
			isa = XCBuildConfiguration;
			buildSettings = {
				ALWAYS_SEARCH_USER_PATHS = NO;
				CLANG_ANALYZER_NONNULL = YES;
				CLANG_ANALYZER_NUMBER_OBJECT_CONVERSION = YES_AGGRESSIVE;
				CLANG_CXX_LANGUAGE_STANDARD = "gnu++14";
				CLANG_CXX_LIBRARY = "libc++";
				CLANG_ENABLE_MODULES = YES;
				CLANG_ENABLE_OBJC_ARC = YES;
				CLANG_ENABLE_OBJC_WEAK = YES;
				CLANG_WARN_BLOCK_CAPTURE_AUTORELEASING = YES;
				CLANG_WARN_BOOL_CONVERSION = YES;
				CLANG_WARN_COMMA = YES;
				CLANG_WARN_CONSTANT_CONVERSION = YES;
				CLANG_WARN_DEPRECATED_OBJC_IMPLEMENTATIONS = YES;
				CLANG_WARN_DIRECT_OBJC_ISA_USAGE = YES_ERROR;
				CLANG_WARN_DOCUMENTATION_COMMENTS = YES;
				CLANG_WARN_EMPTY_BODY = YES;
				CLANG_WARN_ENUM_CONVERSION = YES;
				CLANG_WARN_INFINITE_RECURSION = YES;
				CLANG_WARN_INT_CONVERSION = YES;
				CLANG_WARN_NON_LITERAL_NULL_CONVERSION = YES;
				CLANG_WARN_OBJC_IMPLICIT_RETAIN_SELF = YES;
				CLANG_WARN_OBJC_LITERAL_CONVERSION = YES;
				CLANG_WARN_OBJC_ROOT_CLASS = YES_ERROR;
				CLANG_WARN_QUOTED_INCLUDE_IN_FRAMEWORK_HEADER = YES;
				CLANG_WARN_RANGE_LOOP_ANALYSIS = YES;
				CLANG_WARN_STRICT_PROTOTYPES = YES;
				CLANG_WARN_SUSPICIOUS_MOVE = YES;
				CLANG_WARN_UNGUARDED_AVAILABILITY = YES_AGGRESSIVE;
				CLANG_WARN_UNREACHABLE_CODE = YES;
				CLANG_WARN__DUPLICATE_METHOD_MATCH = YES;
				COPY_PHASE_STRIP = NO;
				DEBUG_INFORMATION_FORMAT = "dwarf-with-dsym";
				ENABLE_NS_ASSERTIONS = NO;
				ENABLE_STRICT_OBJC_MSGSEND = YES;
				GCC_C_LANGUAGE_STANDARD = gnu11;
				GCC_NO_COMMON_BLOCKS = YES;
				GCC_WARN_64_TO_32_BIT_CONVERSION = YES;
				GCC_WARN_ABOUT_RETURN_TYPE = YES_ERROR;
				GCC_WARN_UNDECLARED_SELECTOR = YES;
				GCC_WARN_UNINITIALIZED_AUTOS = YES_AGGRESSIVE;
				GCC_WARN_UNUSED_FUNCTION = YES;
				GCC_WARN_UNUSED_VARIABLE = YES;
				IPHONEOS_DEPLOYMENT_TARGET = 14.1;
				MTL_ENABLE_DEBUG_INFO = NO;
				MTL_FAST_MATH = YES;
				SDKROOT = iphoneos;
				SWIFT_COMPILATION_MODE = wholemodule;
				SWIFT_OPTIMIZATION_LEVEL = "-O";
				VALIDATE_PRODUCT = YES;
			};
			name = Release;
		};
		A990D89C254E9E8B00450D55 /* Debug */ = {
			isa = XCBuildConfiguration;
			buildSettings = {
				ASSETCATALOG_COMPILER_APPICON_NAME = AppIcon;
				ASSETCATALOG_COMPILER_GLOBAL_ACCENT_COLOR_NAME = AccentColor;
				CODE_SIGN_STYLE = Automatic;
				DEVELOPMENT_ASSET_PATHS = "\"FruitMart/Preview Content\"";
				DEVELOPMENT_TEAM = H59D63233N;
				ENABLE_PREVIEWS = YES;
				INFOPLIST_FILE = "/Users/chojunhyung/IOS/FruitMart/FruitMart/Supporting Files/Info.plist";
				IPHONEOS_DEPLOYMENT_TARGET = 14.0;
				LD_RUNPATH_SEARCH_PATHS = (
					"$(inherited)",
					"@executable_path/Frameworks",
				);
				PRODUCT_BUNDLE_IDENTIFIER = jun.FruitMart;
				PRODUCT_NAME = "$(TARGET_NAME)";
				SWIFT_VERSION = 5.0;
				TARGETED_DEVICE_FAMILY = "1,2";
			};
			name = Debug;
		};
		A990D89D254E9E8B00450D55 /* Release */ = {
			isa = XCBuildConfiguration;
			buildSettings = {
				ASSETCATALOG_COMPILER_APPICON_NAME = AppIcon;
				ASSETCATALOG_COMPILER_GLOBAL_ACCENT_COLOR_NAME = AccentColor;
				CODE_SIGN_STYLE = Automatic;
				DEVELOPMENT_ASSET_PATHS = "\"FruitMart/Preview Content\"";
				DEVELOPMENT_TEAM = H59D63233N;
				ENABLE_PREVIEWS = YES;
				INFOPLIST_FILE = "/Users/chojunhyung/IOS/FruitMart/FruitMart/Supporting Files/Info.plist";
				IPHONEOS_DEPLOYMENT_TARGET = 14.0;
				LD_RUNPATH_SEARCH_PATHS = (
					"$(inherited)",
					"@executable_path/Frameworks",
				);
				PRODUCT_BUNDLE_IDENTIFIER = jun.FruitMart;
				PRODUCT_NAME = "$(TARGET_NAME)";
				SWIFT_VERSION = 5.0;
				TARGETED_DEVICE_FAMILY = "1,2";
			};
			name = Release;
		};
/* End XCBuildConfiguration section */

/* Begin XCConfigurationList section */
		A990D887254E9E8A00450D55 /* Build configuration list for PBXProject "FruitMart" */ = {
			isa = XCConfigurationList;
			buildConfigurations = (
				A990D899254E9E8B00450D55 /* Debug */,
				A990D89A254E9E8B00450D55 /* Release */,
			);
			defaultConfigurationIsVisible = 0;
			defaultConfigurationName = Release;
		};
		A990D89B254E9E8B00450D55 /* Build configuration list for PBXNativeTarget "FruitMart" */ = {
			isa = XCConfigurationList;
			buildConfigurations = (
				A990D89C254E9E8B00450D55 /* Debug */,
				A990D89D254E9E8B00450D55 /* Release */,
			);
			defaultConfigurationIsVisible = 0;
			defaultConfigurationName = Release;
		};
/* End XCConfigurationList section */
	};
	rootObject = A990D884254E9E8A00450D55 /* Project object */;
}
